dependencies:
- name: common
  repository: https://charts.bitnami.com/bitnami
  version: 1.17.1
- name: postgresql
  repository: https://charts.bitnami.com/bitnami
  version: 12.1.13
- name: minio
  repository: https://charts.min.io/
  version: 5.0.4
digest: sha256:14f5049f04984e75daa72dace117b3219db107ef194f20cd7d77112887caa341
generated: "2024-03-22T15:05:11.943287419-07:00"
